// !$*UTF8*$!
{
	archiveVersion = 1;
	classes = {
	};
	objectVersion = 48;
	objects = {

/* Begin PBXBuildFile section */
		D104FA2A1E9AB3C881BC6C3E /* Pods_Calcifer.framework in Frameworks */ = {isa = PBXBuildFile; fileRef = 498B146AB30294715F3E3FE6 /* Pods_Calcifer.framework */; };
		F4222E3A2077AB050044E11C /* DisplayMenuItem.swift in Sources */ = {isa = PBXBuildFile; fileRef = F4222E392077AB050044E11C /* DisplayMenuItem.swift */; };
		F4222E3C2077AD1D0044E11C /* Display.swift in Sources */ = {isa = PBXBuildFile; fileRef = F4222E3B2077AD1D0044E11C /* Display.swift */; };
		F42B2421201B2E5200BB7202 /* AppDelegate.swift in Sources */ = {isa = PBXBuildFile; fileRef = F42B2420201B2E5200BB7202 /* AppDelegate.swift */; };
		F42B2423201B2E5200BB7202 /* Assets.xcassets in Resources */ = {isa = PBXBuildFile; fileRef = F42B2422201B2E5200BB7202 /* Assets.xcassets */; };
		F42B2426201B2E5200BB7202 /* MainMenu.xib in Resources */ = {isa = PBXBuildFile; fileRef = F42B2424201B2E5200BB7202 /* MainMenu.xib */; };
		F42B242F201B4B1800BB7202 /* StatusMenuController.swift in Sources */ = {isa = PBXBuildFile; fileRef = F42B242E201B4B1800BB7202 /* StatusMenuController.swift */; };
		F42B2431201B612600BB7202 /* DisplayManager.swift in Sources */ = {isa = PBXBuildFile; fileRef = F42B2430201B612600BB7202 /* DisplayManager.swift */; };
		F42B2436201B732200BB7202 /* DDC.c in Sources */ = {isa = PBXBuildFile; fileRef = F42B2434201B732200BB7202 /* DDC.c */; };
		F442BB04201B813A00B8F2F7 /* Double+Rounded.swift in Sources */ = {isa = PBXBuildFile; fileRef = F442BB03201B813A00B8F2F7 /* Double+Rounded.swift */; };
		F475ED3D201BA924001C435F /* DisplayCommunicator.m in Sources */ = {isa = PBXBuildFile; fileRef = F475ED3C201BA924001C435F /* DisplayCommunicator.m */; };
		F475ED43201BACE7001C435F /* DisplayProperties.m in Sources */ = {isa = PBXBuildFile; fileRef = F475ED42201BACE7001C435F /* DisplayProperties.m */; };
		F48046DA207A791400B0F2C2 /* CGDirectDisplayID+BuiltIn.swift in Sources */ = {isa = PBXBuildFile; fileRef = F48046D9207A791400B0F2C2 /* CGDirectDisplayID+BuiltIn.swift */; };
/* End PBXBuildFile section */

/* Begin PBXFileReference section */
		432AFC078458979767C4E4B0 /* Pods-Calcifer.debug.xcconfig */ = {isa = PBXFileReference; includeInIndex = 1; lastKnownFileType = text.xcconfig; name = "Pods-Calcifer.debug.xcconfig"; path = "Pods/Target Support Files/Pods-Calcifer/Pods-Calcifer.debug.xcconfig"; sourceTree = "<group>"; };
		498B146AB30294715F3E3FE6 /* Pods_Calcifer.framework */ = {isa = PBXFileReference; explicitFileType = wrapper.framework; includeInIndex = 0; path = Pods_Calcifer.framework; sourceTree = BUILT_PRODUCTS_DIR; };
		F10294AA2DF5BD2656696F52 /* Pods-Calcifer.release.xcconfig */ = {isa = PBXFileReference; includeInIndex = 1; lastKnownFileType = text.xcconfig; name = "Pods-Calcifer.release.xcconfig"; path = "Pods/Target Support Files/Pods-Calcifer/Pods-Calcifer.release.xcconfig"; sourceTree = "<group>"; };
		F4222E392077AB050044E11C /* DisplayMenuItem.swift */ = {isa = PBXFileReference; lastKnownFileType = sourcecode.swift; path = DisplayMenuItem.swift; sourceTree = "<group>"; };
		F4222E3B2077AD1D0044E11C /* Display.swift */ = {isa = PBXFileReference; lastKnownFileType = sourcecode.swift; path = Display.swift; sourceTree = "<group>"; };
		F42B241D201B2E5200BB7202 /* Calcifer.app */ = {isa = PBXFileReference; explicitFileType = wrapper.application; includeInIndex = 0; path = Calcifer.app; sourceTree = BUILT_PRODUCTS_DIR; };
		F42B2420201B2E5200BB7202 /* AppDelegate.swift */ = {isa = PBXFileReference; lastKnownFileType = sourcecode.swift; path = AppDelegate.swift; sourceTree = "<group>"; };
		F42B2422201B2E5200BB7202 /* Assets.xcassets */ = {isa = PBXFileReference; lastKnownFileType = folder.assetcatalog; path = Assets.xcassets; sourceTree = "<group>"; };
		F42B2425201B2E5200BB7202 /* Base */ = {isa = PBXFileReference; lastKnownFileType = file.xib; name = Base; path = Base.lproj/MainMenu.xib; sourceTree = "<group>"; };
		F42B2427201B2E5200BB7202 /* Info.plist */ = {isa = PBXFileReference; lastKnownFileType = text.plist.xml; path = Info.plist; sourceTree = "<group>"; };
		F42B2428201B2E5200BB7202 /* Calcifer.entitlements */ = {isa = PBXFileReference; lastKnownFileType = text.plist.entitlements; path = Calcifer.entitlements; sourceTree = "<group>"; };
		F42B242E201B4B1800BB7202 /* StatusMenuController.swift */ = {isa = PBXFileReference; lastKnownFileType = sourcecode.swift; path = StatusMenuController.swift; sourceTree = "<group>"; };
		F42B2430201B612600BB7202 /* DisplayManager.swift */ = {isa = PBXFileReference; lastKnownFileType = sourcecode.swift; path = DisplayManager.swift; sourceTree = "<group>"; };
		F42B2432201B72B200BB7202 /* Calcifer-Bridging-Header.h */ = {isa = PBXFileReference; lastKnownFileType = sourcecode.c.h; path = "Calcifer-Bridging-Header.h"; sourceTree = "<group>"; };
		F42B2434201B732200BB7202 /* DDC.c */ = {isa = PBXFileReference; fileEncoding = 4; lastKnownFileType = sourcecode.c.c; path = DDC.c; sourceTree = "<group>"; };
		F42B2435201B732200BB7202 /* DDC.h */ = {isa = PBXFileReference; fileEncoding = 4; lastKnownFileType = sourcecode.c.h; path = DDC.h; sourceTree = "<group>"; };
		F442BB03201B813A00B8F2F7 /* Double+Rounded.swift */ = {isa = PBXFileReference; lastKnownFileType = sourcecode.swift; path = "Double+Rounded.swift"; sourceTree = "<group>"; };
		F475ED3C201BA924001C435F /* DisplayCommunicator.m */ = {isa = PBXFileReference; lastKnownFileType = sourcecode.c.objc; path = DisplayCommunicator.m; sourceTree = "<group>"; };
		F475ED3E201BA941001C435F /* DisplayCommunicator.h */ = {isa = PBXFileReference; lastKnownFileType = sourcecode.c.h; path = DisplayCommunicator.h; sourceTree = "<group>"; };
		F475ED41201BACE7001C435F /* DisplayProperties.h */ = {isa = PBXFileReference; lastKnownFileType = sourcecode.c.h; path = DisplayProperties.h; sourceTree = "<group>"; };
		F475ED42201BACE7001C435F /* DisplayProperties.m */ = {isa = PBXFileReference; lastKnownFileType = sourcecode.c.objc; path = DisplayProperties.m; sourceTree = "<group>"; };
		F48046D9207A791400B0F2C2 /* CGDirectDisplayID+BuiltIn.swift */ = {isa = PBXFileReference; lastKnownFileType = sourcecode.swift; path = "CGDirectDisplayID+BuiltIn.swift"; sourceTree = "<group>"; };
/* End PBXFileReference section */

/* Begin PBXFrameworksBuildPhase section */
		F42B241A201B2E5200BB7202 /* Frameworks */ = {
			isa = PBXFrameworksBuildPhase;
			buildActionMask = 2147483647;
			files = (
				D104FA2A1E9AB3C881BC6C3E /* Pods_Calcifer.framework in Frameworks */,
			);
			runOnlyForDeploymentPostprocessing = 0;
		};
/* End PBXFrameworksBuildPhase section */

/* Begin PBXGroup section */
		626B0377EFF7901E1FF7254D /* Pods */ = {
			isa = PBXGroup;
			children = (
				432AFC078458979767C4E4B0 /* Pods-Calcifer.debug.xcconfig */,
				F10294AA2DF5BD2656696F52 /* Pods-Calcifer.release.xcconfig */,
			);
			name = Pods;
			sourceTree = "<group>";
		};
		C7B9C0F934CBFE66CB22F83D /* Frameworks */ = {
			isa = PBXGroup;
			children = (
				498B146AB30294715F3E3FE6 /* Pods_Calcifer.framework */,
			);
			name = Frameworks;
			sourceTree = "<group>";
		};
		F42B2414201B2E5200BB7202 = {
			isa = PBXGroup;
			children = (
				F42B241F201B2E5200BB7202 /* Calcifer */,
				F42B241E201B2E5200BB7202 /* Products */,
				626B0377EFF7901E1FF7254D /* Pods */,
				C7B9C0F934CBFE66CB22F83D /* Frameworks */,
			);
			sourceTree = "<group>";
		};
		F42B241E201B2E5200BB7202 /* Products */ = {
			isa = PBXGroup;
			children = (
				F42B241D201B2E5200BB7202 /* Calcifer.app */,
			);
			name = Products;
			sourceTree = "<group>";
		};
		F42B241F201B2E5200BB7202 /* Calcifer */ = {
			isa = PBXGroup;
			children = (
				F42B2428201B2E5200BB7202 /* Calcifer.entitlements */,
				F42B2432201B72B200BB7202 /* Calcifer-Bridging-Header.h */,
				F48046D8207A777200B0F2C2 /* DisplayCommunication */,
				F42B2427201B2E5200BB7202 /* Info.plist */,
				F42B2420201B2E5200BB7202 /* AppDelegate.swift */,
				F4222E3B2077AD1D0044E11C /* Display.swift */,
				F42B2430201B612600BB7202 /* DisplayManager.swift */,
				F4222E392077AB050044E11C /* DisplayMenuItem.swift */,
				F42B242E201B4B1800BB7202 /* StatusMenuController.swift */,
				F42B2422201B2E5200BB7202 /* Assets.xcassets */,
				F42B2433201B72FF00BB7202 /* ddcctl */,
				F442BB05201B819100B8F2F7 /* Extensions */,
				F42B2424201B2E5200BB7202 /* MainMenu.xib */,
			);
			path = Calcifer;
			sourceTree = "<group>";
		};
		F42B2433201B72FF00BB7202 /* ddcctl */ = {
			isa = PBXGroup;
			children = (
				F42B2434201B732200BB7202 /* DDC.c */,
				F42B2435201B732200BB7202 /* DDC.h */,
			);
			path = ddcctl;
			sourceTree = "<group>";
		};
		F442BB05201B819100B8F2F7 /* Extensions */ = {
			isa = PBXGroup;
			children = (
				F442BB03201B813A00B8F2F7 /* Double+Rounded.swift */,
				F48046D9207A791400B0F2C2 /* CGDirectDisplayID+BuiltIn.swift */,
			);
			path = Extensions;
			sourceTree = "<group>";
		};
		F48046D8207A777200B0F2C2 /* DisplayCommunication */ = {
			isa = PBXGroup;
			children = (
				F475ED3E201BA941001C435F /* DisplayCommunicator.h */,
				F475ED41201BACE7001C435F /* DisplayProperties.h */,
				F475ED3C201BA924001C435F /* DisplayCommunicator.m */,
				F475ED42201BACE7001C435F /* DisplayProperties.m */,
			);
			path = DisplayCommunication;
			sourceTree = "<group>";
		};
/* End PBXGroup section */

/* Begin PBXNativeTarget section */
		F42B241C201B2E5200BB7202 /* Calcifer */ = {
			isa = PBXNativeTarget;
			buildConfigurationList = F42B242B201B2E5200BB7202 /* Build configuration list for PBXNativeTarget "Calcifer" */;
			buildPhases = (
				E2DACCE7D7B4728916FDD179 /* [CP] Check Pods Manifest.lock */,
				F42B2419201B2E5200BB7202 /* Sources */,
				F42B241A201B2E5200BB7202 /* Frameworks */,
				F42B241B201B2E5200BB7202 /* Resources */,
				4A1DA3C92DB1B51CB324D686 /* [CP] Embed Pods Frameworks */,
			);
			buildRules = (
			);
			dependencies = (
			);
			name = Calcifer;
			productName = Calcifer;
			productReference = F42B241D201B2E5200BB7202 /* Calcifer.app */;
			productType = "com.apple.product-type.application";
		};
/* End PBXNativeTarget section */

/* Begin PBXProject section */
		F42B2415201B2E5200BB7202 /* Project object */ = {
			isa = PBXProject;
			attributes = {
				LastSwiftUpdateCheck = 0920;
				LastUpgradeCheck = 0930;
				ORGANIZATIONNAME = "Simon Jarbrant";
				TargetAttributes = {
					F42B241C201B2E5200BB7202 = {
						CreatedOnToolsVersion = 9.2;
						ProvisioningStyle = Automatic;
					};
				};
			};
			buildConfigurationList = F42B2418201B2E5200BB7202 /* Build configuration list for PBXProject "Calcifer" */;
			compatibilityVersion = "Xcode 8.0";
			developmentRegion = en;
			hasScannedForEncodings = 0;
			knownRegions = (
				en,
				Base,
			);
			mainGroup = F42B2414201B2E5200BB7202;
			productRefGroup = F42B241E201B2E5200BB7202 /* Products */;
			projectDirPath = "";
			projectRoot = "";
			targets = (
				F42B241C201B2E5200BB7202 /* Calcifer */,
			);
		};
/* End PBXProject section */

/* Begin PBXResourcesBuildPhase section */
		F42B241B201B2E5200BB7202 /* Resources */ = {
			isa = PBXResourcesBuildPhase;
			buildActionMask = 2147483647;
			files = (
				F42B2423201B2E5200BB7202 /* Assets.xcassets in Resources */,
				F42B2426201B2E5200BB7202 /* MainMenu.xib in Resources */,
			);
			runOnlyForDeploymentPostprocessing = 0;
		};
/* End PBXResourcesBuildPhase section */

/* Begin PBXShellScriptBuildPhase section */
		4A1DA3C92DB1B51CB324D686 /* [CP] Embed Pods Frameworks */ = {
			isa = PBXShellScriptBuildPhase;
			buildActionMask = 2147483647;
			files = (
			);
			inputPaths = (
				"${SRCROOT}/Pods/Target Support Files/Pods-Calcifer/Pods-Calcifer-frameworks.sh",
				"${BUILT_PRODUCTS_DIR}/Differ/Differ.framework",
			);
			name = "[CP] Embed Pods Frameworks";
			outputPaths = (
				"${TARGET_BUILD_DIR}/${FRAMEWORKS_FOLDER_PATH}/Differ.framework",
			);
			runOnlyForDeploymentPostprocessing = 0;
			shellPath = /bin/sh;
			shellScript = "\"${SRCROOT}/Pods/Target Support Files/Pods-Calcifer/Pods-Calcifer-frameworks.sh\"\n";
			showEnvVarsInLog = 0;
		};
		E2DACCE7D7B4728916FDD179 /* [CP] Check Pods Manifest.lock */ = {
			isa = PBXShellScriptBuildPhase;
			buildActionMask = 2147483647;
			files = (
			);
			inputPaths = (
				"${PODS_PODFILE_DIR_PATH}/Podfile.lock",
				"${PODS_ROOT}/Manifest.lock",
			);
			name = "[CP] Check Pods Manifest.lock";
			outputPaths = (
				"$(DERIVED_FILE_DIR)/Pods-Calcifer-checkManifestLockResult.txt",
			);
			runOnlyForDeploymentPostprocessing = 0;
			shellPath = /bin/sh;
			shellScript = "diff \"${PODS_PODFILE_DIR_PATH}/Podfile.lock\" \"${PODS_ROOT}/Manifest.lock\" > /dev/null\nif [ $? != 0 ] ; then\n    # print error to STDERR\n    echo \"error: The sandbox is not in sync with the Podfile.lock. Run 'pod install' or update your CocoaPods installation.\" >&2\n    exit 1\nfi\n# This output is used by Xcode 'outputs' to avoid re-running this script phase.\necho \"SUCCESS\" > \"${SCRIPT_OUTPUT_FILE_0}\"\n";
			showEnvVarsInLog = 0;
		};
/* End PBXShellScriptBuildPhase section */

/* Begin PBXSourcesBuildPhase section */
		F42B2419201B2E5200BB7202 /* Sources */ = {
			isa = PBXSourcesBuildPhase;
			buildActionMask = 2147483647;
			files = (
				F42B242F201B4B1800BB7202 /* StatusMenuController.swift in Sources */,
				F42B2436201B732200BB7202 /* DDC.c in Sources */,
				F48046DA207A791400B0F2C2 /* CGDirectDisplayID+BuiltIn.swift in Sources */,
				F4222E3A2077AB050044E11C /* DisplayMenuItem.swift in Sources */,
				F475ED43201BACE7001C435F /* DisplayProperties.m in Sources */,
				F4222E3C2077AD1D0044E11C /* Display.swift in Sources */,
				F42B2431201B612600BB7202 /* DisplayManager.swift in Sources */,
				F475ED3D201BA924001C435F /* DisplayCommunicator.m in Sources */,
				F42B2421201B2E5200BB7202 /* AppDelegate.swift in Sources */,
				F442BB04201B813A00B8F2F7 /* Double+Rounded.swift in Sources */,
			);
			runOnlyForDeploymentPostprocessing = 0;
		};
/* End PBXSourcesBuildPhase section */

/* Begin PBXVariantGroup section */
		F42B2424201B2E5200BB7202 /* MainMenu.xib */ = {
			isa = PBXVariantGroup;
			children = (
				F42B2425201B2E5200BB7202 /* Base */,
			);
			name = MainMenu.xib;
			sourceTree = "<group>";
		};
/* End PBXVariantGroup section */

/* Begin XCBuildConfiguration section */
		F42B2429201B2E5200BB7202 /* Debug */ = {
			isa = XCBuildConfiguration;
			buildSettings = {
				ALWAYS_SEARCH_USER_PATHS = NO;
				CLANG_ANALYZER_NONNULL = YES;
				CLANG_ANALYZER_NUMBER_OBJECT_CONVERSION = YES_AGGRESSIVE;
				CLANG_CXX_LANGUAGE_STANDARD = "gnu++14";
				CLANG_CXX_LIBRARY = "libc++";
				CLANG_ENABLE_MODULES = YES;
				CLANG_ENABLE_OBJC_ARC = YES;
				CLANG_WARN_BLOCK_CAPTURE_AUTORELEASING = YES;
				CLANG_WARN_BOOL_CONVERSION = YES;
				CLANG_WARN_COMMA = YES;
				CLANG_WARN_CONSTANT_CONVERSION = YES;
				CLANG_WARN_DEPRECATED_OBJC_IMPLEMENTATIONS = YES;
				CLANG_WARN_DIRECT_OBJC_ISA_USAGE = YES_ERROR;
				CLANG_WARN_DOCUMENTATION_COMMENTS = YES;
				CLANG_WARN_EMPTY_BODY = YES;
				CLANG_WARN_ENUM_CONVERSION = YES;
				CLANG_WARN_INFINITE_RECURSION = YES;
				CLANG_WARN_INT_CONVERSION = YES;
				CLANG_WARN_NON_LITERAL_NULL_CONVERSION = YES;
				CLANG_WARN_OBJC_IMPLICIT_RETAIN_SELF = YES;
				CLANG_WARN_OBJC_LITERAL_CONVERSION = YES;
				CLANG_WARN_OBJC_ROOT_CLASS = YES_ERROR;
				CLANG_WARN_RANGE_LOOP_ANALYSIS = YES;
				CLANG_WARN_STRICT_PROTOTYPES = YES;
				CLANG_WARN_SUSPICIOUS_MOVE = YES;
				CLANG_WARN_UNGUARDED_AVAILABILITY = YES_AGGRESSIVE;
				CLANG_WARN_UNREACHABLE_CODE = YES;
				CLANG_WARN__DUPLICATE_METHOD_MATCH = YES;
				CODE_SIGN_IDENTITY = "-";
				COPY_PHASE_STRIP = NO;
				DEBUG_INFORMATION_FORMAT = dwarf;
				ENABLE_STRICT_OBJC_MSGSEND = YES;
				ENABLE_TESTABILITY = YES;
				GCC_C_LANGUAGE_STANDARD = gnu11;
				GCC_DYNAMIC_NO_PIC = NO;
				GCC_NO_COMMON_BLOCKS = YES;
				GCC_OPTIMIZATION_LEVEL = 0;
				GCC_PREPROCESSOR_DEFINITIONS = (
					"DEBUG=1",
					"$(inherited)",
				);
				GCC_WARN_64_TO_32_BIT_CONVERSION = YES;
				GCC_WARN_ABOUT_RETURN_TYPE = YES_ERROR;
				GCC_WARN_UNDECLARED_SELECTOR = YES;
				GCC_WARN_UNINITIALIZED_AUTOS = YES_AGGRESSIVE;
				GCC_WARN_UNUSED_FUNCTION = YES;
				GCC_WARN_UNUSED_VARIABLE = YES;
				MACOSX_DEPLOYMENT_TARGET = 10.13;
				MTL_ENABLE_DEBUG_INFO = YES;
				ONLY_ACTIVE_ARCH = YES;
				SDKROOT = macosx;
				SWIFT_ACTIVE_COMPILATION_CONDITIONS = DEBUG;
				SWIFT_OPTIMIZATION_LEVEL = "-Onone";
			};
			name = Debug;
		};
		F42B242A201B2E5200BB7202 /* Release */ = {
			isa = XCBuildConfiguration;
			buildSettings = {
				ALWAYS_SEARCH_USER_PATHS = NO;
				CLANG_ANALYZER_NONNULL = YES;
				CLANG_ANALYZER_NUMBER_OBJECT_CONVERSION = YES_AGGRESSIVE;
				CLANG_CXX_LANGUAGE_STANDARD = "gnu++14";
				CLANG_CXX_LIBRARY = "libc++";
				CLANG_ENABLE_MODULES = YES;
				CLANG_ENABLE_OBJC_ARC = YES;
				CLANG_WARN_BLOCK_CAPTURE_AUTORELEASING = YES;
				CLANG_WARN_BOOL_CONVERSION = YES;
				CLANG_WARN_COMMA = YES;
				CLANG_WARN_CONSTANT_CONVERSION = YES;
				CLANG_WARN_DEPRECATED_OBJC_IMPLEMENTATIONS = YES;
				CLANG_WARN_DIRECT_OBJC_ISA_USAGE = YES_ERROR;
				CLANG_WARN_DOCUMENTATION_COMMENTS = YES;
				CLANG_WARN_EMPTY_BODY = YES;
				CLANG_WARN_ENUM_CONVERSION = YES;
				CLANG_WARN_INFINITE_RECURSION = YES;
				CLANG_WARN_INT_CONVERSION = YES;
				CLANG_WARN_NON_LITERAL_NULL_CONVERSION = YES;
				CLANG_WARN_OBJC_IMPLICIT_RETAIN_SELF = YES;
				CLANG_WARN_OBJC_LITERAL_CONVERSION = YES;
				CLANG_WARN_OBJC_ROOT_CLASS = YES_ERROR;
				CLANG_WARN_RANGE_LOOP_ANALYSIS = YES;
				CLANG_WARN_STRICT_PROTOTYPES = YES;
				CLANG_WARN_SUSPICIOUS_MOVE = YES;
				CLANG_WARN_UNGUARDED_AVAILABILITY = YES_AGGRESSIVE;
				CLANG_WARN_UNREACHABLE_CODE = YES;
				CLANG_WARN__DUPLICATE_METHOD_MATCH = YES;
				CODE_SIGN_IDENTITY = "-";
				COPY_PHASE_STRIP = NO;
				DEBUG_INFORMATION_FORMAT = "dwarf-with-dsym";
				ENABLE_NS_ASSERTIONS = NO;
				ENABLE_STRICT_OBJC_MSGSEND = YES;
				GCC_C_LANGUAGE_STANDARD = gnu11;
				GCC_NO_COMMON_BLOCKS = YES;
				GCC_WARN_64_TO_32_BIT_CONVERSION = YES;
				GCC_WARN_ABOUT_RETURN_TYPE = YES_ERROR;
				GCC_WARN_UNDECLARED_SELECTOR = YES;
				GCC_WARN_UNINITIALIZED_AUTOS = YES_AGGRESSIVE;
				GCC_WARN_UNUSED_FUNCTION = YES;
				GCC_WARN_UNUSED_VARIABLE = YES;
				MACOSX_DEPLOYMENT_TARGET = 10.13;
				MTL_ENABLE_DEBUG_INFO = NO;
				SDKROOT = macosx;
				SWIFT_OPTIMIZATION_LEVEL = "-Owholemodule";
			};
			name = Release;
		};
		F42B242C201B2E5200BB7202 /* Debug */ = {
			isa = XCBuildConfiguration;
			baseConfigurationReference = 432AFC078458979767C4E4B0 /* Pods-Calcifer.debug.xcconfig */;
			buildSettings = {
				ASSETCATALOG_COMPILER_APPICON_NAME = AppIcon;
				CODE_SIGN_ENTITLEMENTS = Calcifer/Calcifer.entitlements;
				CODE_SIGN_STYLE = Automatic;
				COMBINE_HIDPI_IMAGES = YES;
				INFOPLIST_FILE = Calcifer/Info.plist;
				LD_RUNPATH_SEARCH_PATHS = "$(inherited) @executable_path/../Frameworks";
				PRODUCT_BUNDLE_IDENTIFIER = se.jarbrant.Calcifer;
				PRODUCT_NAME = "$(TARGET_NAME)";
				SWIFT_OBJC_BRIDGING_HEADER = "Calcifer/Calcifer-Bridging-Header.h";
				SWIFT_VERSION = 4.0;
			};
			name = Debug;
		};
		F42B242D201B2E5200BB7202 /* Release */ = {
			isa = XCBuildConfiguration;
			baseConfigurationReference = F10294AA2DF5BD2656696F52 /* Pods-Calcifer.release.xcconfig */;
			buildSettings = {
				ASSETCATALOG_COMPILER_APPICON_NAME = AppIcon;
				CODE_SIGN_ENTITLEMENTS = Calcifer/Calcifer.entitlements;
				CODE_SIGN_STYLE = Automatic;
				COMBINE_HIDPI_IMAGES = YES;
				INFOPLIST_FILE = Calcifer/Info.plist;
				LD_RUNPATH_SEARCH_PATHS = "$(inherited) @executable_path/../Frameworks";
				PRODUCT_BUNDLE_IDENTIFIER = se.jarbrant.Calcifer;
				PRODUCT_NAME = "$(TARGET_NAME)";
				SWIFT_OBJC_BRIDGING_HEADER = "Calcifer/Calcifer-Bridging-Header.h";
				SWIFT_VERSION = 4.0;
			};
			name = Release;
		};
/* End XCBuildConfiguration section */

/* Begin XCConfigurationList section */
		F42B2418201B2E5200BB7202 /* Build configuration list for PBXProject "Calcifer" */ = {
			isa = XCConfigurationList;
			buildConfigurations = (
				F42B2429201B2E5200BB7202 /* Debug */,
				F42B242A201B2E5200BB7202 /* Release */,
			);
			defaultConfigurationIsVisible = 0;
			defaultConfigurationName = Release;
		};
		F42B242B201B2E5200BB7202 /* Build configuration list for PBXNativeTarget "Calcifer" */ = {
			isa = XCConfigurationList;
			buildConfigurations = (
				F42B242C201B2E5200BB7202 /* Debug */,
				F42B242D201B2E5200BB7202 /* Release */,
			);
			defaultConfigurationIsVisible = 0;
			defaultConfigurationName = Release;
		};
/* End XCConfigurationList section */
	};
	rootObject = F42B2415201B2E5200BB7202 /* Project object */;
}
